// !$*UTF8*$!
{
	archiveVersion = 1;
	classes = {
	};
	objectVersion = 46;
	objects = {

/* Begin PBXBuildFile section */
		05A162901B97769E00E4AD48 /* AppDelegate.swift in Sources */ = {isa = PBXBuildFile; fileRef = 05A1628F1B97769E00E4AD48 /* AppDelegate.swift */; };
		05A162921B97769E00E4AD48 /* ViewController.swift in Sources */ = {isa = PBXBuildFile; fileRef = 05A162911B97769E00E4AD48 /* ViewController.swift */; };
		05A162951B97769E00E4AD48 /* Main.storyboard in Resources */ = {isa = PBXBuildFile; fileRef = 05A162931B97769E00E4AD48 /* Main.storyboard */; };
		05A162971B97769E00E4AD48 /* Assets.xcassets in Resources */ = {isa = PBXBuildFile; fileRef = 05A162961B97769E00E4AD48 /* Assets.xcassets */; };
		05A1629A1B97769E00E4AD48 /* LaunchScreen.storyboard in Resources */ = {isa = PBXBuildFile; fileRef = 05A162981B97769E00E4AD48 /* LaunchScreen.storyboard */; };
		05A162A51B97769E00E4AD48 /* text_colorTests.swift in Sources */ = {isa = PBXBuildFile; fileRef = 05A162A41B97769E00E4AD48 /* text_colorTests.swift */; };
		05A162B01B97769E00E4AD48 /* text_colorUITests.swift in Sources */ = {isa = PBXBuildFile; fileRef = 05A162AF1B97769E00E4AD48 /* text_colorUITests.swift */; };
		05FDCAA11B9886C9000D4492 /* HighLighter.swift in Sources */ = {isa = PBXBuildFile; fileRef = 05FDCAA01B9886C9000D4492 /* HighLighter.swift */; };
/* End PBXBuildFile section */

/* Begin PBXContainerItemProxy section */
		05A162A11B97769E00E4AD48 /* PBXContainerItemProxy */ = {
			isa = PBXContainerItemProxy;
			containerPortal = 05A162841B97769D00E4AD48 /* Project object */;
			proxyType = 1;
			remoteGlobalIDString = 05A1628B1B97769D00E4AD48;
			remoteInfo = text_color;
		};
		05A162AC1B97769E00E4AD48 /* PBXContainerItemProxy */ = {
			isa = PBXContainerItemProxy;
			containerPortal = 05A162841B97769D00E4AD48 /* Project object */;
			proxyType = 1;
			remoteGlobalIDString = 05A1628B1B97769D00E4AD48;
			remoteInfo = text_color;
		};
/* End PBXContainerItemProxy section */

/* Begin PBXFileReference section */
		05A1628C1B97769D00E4AD48 /* text_color.app */ = {isa = PBXFileReference; explicitFileType = wrapper.application; includeInIndex = 0; path = text_color.app; sourceTree = BUILT_PRODUCTS_DIR; };
		05A1628F1B97769E00E4AD48 /* AppDelegate.swift */ = {isa = PBXFileReference; lastKnownFileType = sourcecode.swift; path = AppDelegate.swift; sourceTree = "<group>"; };
		05A162911B97769E00E4AD48 /* ViewController.swift */ = {isa = PBXFileReference; lastKnownFileType = sourcecode.swift; path = ViewController.swift; sourceTree = "<group>"; };
		05A162941B97769E00E4AD48 /* Base */ = {isa = PBXFileReference; lastKnownFileType = file.storyboard; name = Base; path = Base.lproj/Main.storyboard; sourceTree = "<group>"; };
		05A162961B97769E00E4AD48 /* Assets.xcassets */ = {isa = PBXFileReference; lastKnownFileType = folder.assetcatalog; path = Assets.xcassets; sourceTree = "<group>"; };
		05A162991B97769E00E4AD48 /* Base */ = {isa = PBXFileReference; lastKnownFileType = file.storyboard; name = Base; path = Base.lproj/LaunchScreen.storyboard; sourceTree = "<group>"; };
		05A1629B1B97769E00E4AD48 /* Info.plist */ = {isa = PBXFileReference; lastKnownFileType = text.plist.xml; path = Info.plist; sourceTree = "<group>"; };
		05A162A01B97769E00E4AD48 /* text_colorTests.xctest */ = {isa = PBXFileReference; explicitFileType = wrapper.cfbundle; includeInIndex = 0; path = text_colorTests.xctest; sourceTree = BUILT_PRODUCTS_DIR; };
		05A162A41B97769E00E4AD48 /* text_colorTests.swift */ = {isa = PBXFileReference; lastKnownFileType = sourcecode.swift; path = text_colorTests.swift; sourceTree = "<group>"; };
		05A162A61B97769E00E4AD48 /* Info.plist */ = {isa = PBXFileReference; lastKnownFileType = text.plist.xml; path = Info.plist; sourceTree = "<group>"; };
		05A162AB1B97769E00E4AD48 /* text_colorUITests.xctest */ = {isa = PBXFileReference; explicitFileType = wrapper.cfbundle; includeInIndex = 0; path = text_colorUITests.xctest; sourceTree = BUILT_PRODUCTS_DIR; };
		05A162AF1B97769E00E4AD48 /* text_colorUITests.swift */ = {isa = PBXFileReference; lastKnownFileType = sourcecode.swift; path = text_colorUITests.swift; sourceTree = "<group>"; };
		05A162B11B97769E00E4AD48 /* Info.plist */ = {isa = PBXFileReference; lastKnownFileType = text.plist.xml; path = Info.plist; sourceTree = "<group>"; };
		05FDCAA01B9886C9000D4492 /* HighLighter.swift */ = {isa = PBXFileReference; fileEncoding = 4; lastKnownFileType = sourcecode.swift; path = HighLighter.swift; sourceTree = "<group>"; };
/* End PBXFileReference section */

/* Begin PBXFrameworksBuildPhase section */
		05A162891B97769D00E4AD48 /* Frameworks */ = {
			isa = PBXFrameworksBuildPhase;
			buildActionMask = 2147483647;
			files = (
			);
			runOnlyForDeploymentPostprocessing = 0;
		};
		05A1629D1B97769E00E4AD48 /* Frameworks */ = {
			isa = PBXFrameworksBuildPhase;
			buildActionMask = 2147483647;
			files = (
			);
			runOnlyForDeploymentPostprocessing = 0;
		};
		05A162A81B97769E00E4AD48 /* Frameworks */ = {
			isa = PBXFrameworksBuildPhase;
			buildActionMask = 2147483647;
			files = (
			);
			runOnlyForDeploymentPostprocessing = 0;
		};
/* End PBXFrameworksBuildPhase section */

/* Begin PBXGroup section */
		05A162831B97769D00E4AD48 = {
			isa = PBXGroup;
			children = (
				05A1628E1B97769E00E4AD48 /* text_color */,
				05A162A31B97769E00E4AD48 /* text_colorTests */,
				05A162AE1B97769E00E4AD48 /* text_colorUITests */,
				05A1628D1B97769D00E4AD48 /* Products */,
			);
			sourceTree = "<group>";
		};
		05A1628D1B97769D00E4AD48 /* Products */ = {
			isa = PBXGroup;
			children = (
				05A1628C1B97769D00E4AD48 /* text_color.app */,
				05A162A01B97769E00E4AD48 /* text_colorTests.xctest */,
				05A162AB1B97769E00E4AD48 /* text_colorUITests.xctest */,
			);
			name = Products;
			sourceTree = "<group>";
		};
		05A1628E1B97769E00E4AD48 /* text_color */ = {
			isa = PBXGroup;
			children = (
				05FDCAA01B9886C9000D4492 /* HighLighter.swift */,
				05A1628F1B97769E00E4AD48 /* AppDelegate.swift */,
				05A162911B97769E00E4AD48 /* ViewController.swift */,
				05A162931B97769E00E4AD48 /* Main.storyboard */,
				05A162961B97769E00E4AD48 /* Assets.xcassets */,
				05A162981B97769E00E4AD48 /* LaunchScreen.storyboard */,
				05A1629B1B97769E00E4AD48 /* Info.plist */,
			);
			path = text_color;
			sourceTree = "<group>";
		};
		05A162A31B97769E00E4AD48 /* text_colorTests */ = {
			isa = PBXGroup;
			children = (
				05A162A41B97769E00E4AD48 /* text_colorTests.swift */,
				05A162A61B97769E00E4AD48 /* Info.plist */,
			);
			path = text_colorTests;
			sourceTree = "<group>";
		};
		05A162AE1B97769E00E4AD48 /* text_colorUITests */ = {
			isa = PBXGroup;
			children = (
				05A162AF1B97769E00E4AD48 /* text_colorUITests.swift */,
				05A162B11B97769E00E4AD48 /* Info.plist */,
			);
			path = text_colorUITests;
			sourceTree = "<group>";
		};
/* End PBXGroup section */

/* Begin PBXNativeTarget section */
		05A1628B1B97769D00E4AD48 /* text_color */ = {
			isa = PBXNativeTarget;
			buildConfigurationList = 05A162B41B97769E00E4AD48 /* Build configuration list for PBXNativeTarget "text_color" */;
			buildPhases = (
				05A162881B97769D00E4AD48 /* Sources */,
				05A162891B97769D00E4AD48 /* Frameworks */,
				05A1628A1B97769D00E4AD48 /* Resources */,
			);
			buildRules = (
			);
			dependencies = (
			);
			name = text_color;
			productName = text_color;
			productReference = 05A1628C1B97769D00E4AD48 /* text_color.app */;
			productType = "com.apple.product-type.application";
		};
		05A1629F1B97769E00E4AD48 /* text_colorTests */ = {
			isa = PBXNativeTarget;
			buildConfigurationList = 05A162B71B97769E00E4AD48 /* Build configuration list for PBXNativeTarget "text_colorTests" */;
			buildPhases = (
				05A1629C1B97769E00E4AD48 /* Sources */,
				05A1629D1B97769E00E4AD48 /* Frameworks */,
				05A1629E1B97769E00E4AD48 /* Resources */,
			);
			buildRules = (
			);
			dependencies = (
				05A162A21B97769E00E4AD48 /* PBXTargetDependency */,
			);
			name = text_colorTests;
			productName = text_colorTests;
			productReference = 05A162A01B97769E00E4AD48 /* text_colorTests.xctest */;
			productType = "com.apple.product-type.bundle.unit-test";
		};
		05A162AA1B97769E00E4AD48 /* text_colorUITests */ = {
			isa = PBXNativeTarget;
			buildConfigurationList = 05A162BA1B97769E00E4AD48 /* Build configuration list for PBXNativeTarget "text_colorUITests" */;
			buildPhases = (
				05A162A71B97769E00E4AD48 /* Sources */,
				05A162A81B97769E00E4AD48 /* Frameworks */,
				05A162A91B97769E00E4AD48 /* Resources */,
			);
			buildRules = (
			);
			dependencies = (
				05A162AD1B97769E00E4AD48 /* PBXTargetDependency */,
			);
			name = text_colorUITests;
			productName = text_colorUITests;
			productReference = 05A162AB1B97769E00E4AD48 /* text_colorUITests.xctest */;
			productType = "com.apple.product-type.bundle.ui-testing";
		};
/* End PBXNativeTarget section */

/* Begin PBXProject section */
		05A162841B97769D00E4AD48 /* Project object */ = {
			isa = PBXProject;
			attributes = {
				LastSwiftUpdateCheck = 0710;
				LastUpgradeCheck = 0700;
				ORGANIZATIONNAME = "menke dev";
				TargetAttributes = {
					05A1628B1B97769D00E4AD48 = {
						CreatedOnToolsVersion = 7.0;
					};
					05A1629F1B97769E00E4AD48 = {
						CreatedOnToolsVersion = 7.0;
						TestTargetID = 05A1628B1B97769D00E4AD48;
					};
					05A162AA1B97769E00E4AD48 = {
						CreatedOnToolsVersion = 7.0;
						TestTargetID = 05A1628B1B97769D00E4AD48;
					};
				};
			};
			buildConfigurationList = 05A162871B97769D00E4AD48 /* Build configuration list for PBXProject "text_color" */;
			compatibilityVersion = "Xcode 3.2";
			developmentRegion = English;
			hasScannedForEncodings = 0;
			knownRegions = (
				en,
				Base,
			);
			mainGroup = 05A162831B97769D00E4AD48;
			productRefGroup = 05A1628D1B97769D00E4AD48 /* Products */;
			projectDirPath = "";
			projectRoot = "";
			targets = (
				05A1628B1B97769D00E4AD48 /* text_color */,
				05A1629F1B97769E00E4AD48 /* text_colorTests */,
				05A162AA1B97769E00E4AD48 /* text_colorUITests */,
			);
		};
/* End PBXProject section */

/* Begin PBXResourcesBuildPhase section */
		05A1628A1B97769D00E4AD48 /* Resources */ = {
			isa = PBXResourcesBuildPhase;
			buildActionMask = 2147483647;
			files = (
				05A1629A1B97769E00E4AD48 /* LaunchScreen.storyboard in Resources */,
				05A162971B97769E00E4AD48 /* Assets.xcassets in Resources */,
				05A162951B97769E00E4AD48 /* Main.storyboard in Resources */,
			);
			runOnlyForDeploymentPostprocessing = 0;
		};
		05A1629E1B97769E00E4AD48 /* Resources */ = {
			isa = PBXResourcesBuildPhase;
			buildActionMask = 2147483647;
			files = (
			);
			runOnlyForDeploymentPostprocessing = 0;
		};
		05A162A91B97769E00E4AD48 /* Resources */ = {
			isa = PBXResourcesBuildPhase;
			buildActionMask = 2147483647;
			files = (
			);
			runOnlyForDeploymentPostprocessing = 0;
		};
/* End PBXResourcesBuildPhase section */

/* Begin PBXSourcesBuildPhase section */
		05A162881B97769D00E4AD48 /* Sources */ = {
			isa = PBXSourcesBuildPhase;
			buildActionMask = 2147483647;
			files = (
				05A162921B97769E00E4AD48 /* ViewController.swift in Sources */,
				05FDCAA11B9886C9000D4492 /* HighLighter.swift in Sources */,
				05A162901B97769E00E4AD48 /* AppDelegate.swift in Sources */,
			);
			runOnlyForDeploymentPostprocessing = 0;
		};
		05A1629C1B97769E00E4AD48 /* Sources */ = {
			isa = PBXSourcesBuildPhase;
			buildActionMask = 2147483647;
			files = (
				05A162A51B97769E00E4AD48 /* text_colorTests.swift in Sources */,
			);
			runOnlyForDeploymentPostprocessing = 0;
		};
		05A162A71B97769E00E4AD48 /* Sources */ = {
			isa = PBXSourcesBuildPhase;
			buildActionMask = 2147483647;
			files = (
				05A162B01B97769E00E4AD48 /* text_colorUITests.swift in Sources */,
			);
			runOnlyForDeploymentPostprocessing = 0;
		};
/* End PBXSourcesBuildPhase section */

/* Begin PBXTargetDependency section */
		05A162A21B97769E00E4AD48 /* PBXTargetDependency */ = {
			isa = PBXTargetDependency;
			target = 05A1628B1B97769D00E4AD48 /* text_color */;
			targetProxy = 05A162A11B97769E00E4AD48 /* PBXContainerItemProxy */;
		};
		05A162AD1B97769E00E4AD48 /* PBXTargetDependency */ = {
			isa = PBXTargetDependency;
			target = 05A1628B1B97769D00E4AD48 /* text_color */;
			targetProxy = 05A162AC1B97769E00E4AD48 /* PBXContainerItemProxy */;
		};
/* End PBXTargetDependency section */

/* Begin PBXVariantGroup section */
		05A162931B97769E00E4AD48 /* Main.storyboard */ = {
			isa = PBXVariantGroup;
			children = (
				05A162941B97769E00E4AD48 /* Base */,
			);
			name = Main.storyboard;
			sourceTree = "<group>";
		};
		05A162981B97769E00E4AD48 /* LaunchScreen.storyboard */ = {
			isa = PBXVariantGroup;
			children = (
				05A162991B97769E00E4AD48 /* Base */,
			);
			name = LaunchScreen.storyboard;
			sourceTree = "<group>";
		};
/* End PBXVariantGroup section */

/* Begin XCBuildConfiguration section */
		05A162B21B97769E00E4AD48 /* Debug */ = {
			isa = XCBuildConfiguration;
			buildSettings = {
				ALWAYS_SEARCH_USER_PATHS = NO;
				CLANG_CXX_LANGUAGE_STANDARD = "gnu++0x";
				CLANG_CXX_LIBRARY = "libc++";
				CLANG_ENABLE_MODULES = YES;
				CLANG_ENABLE_OBJC_ARC = YES;
				CLANG_WARN_BOOL_CONVERSION = YES;
				CLANG_WARN_CONSTANT_CONVERSION = YES;
				CLANG_WARN_DIRECT_OBJC_ISA_USAGE = YES_ERROR;
				CLANG_WARN_EMPTY_BODY = YES;
				CLANG_WARN_ENUM_CONVERSION = YES;
				CLANG_WARN_INT_CONVERSION = YES;
				CLANG_WARN_OBJC_ROOT_CLASS = YES_ERROR;
				CLANG_WARN_UNREACHABLE_CODE = YES;
				CLANG_WARN__DUPLICATE_METHOD_MATCH = YES;
				"CODE_SIGN_IDENTITY[sdk=iphoneos*]" = "iPhone Developer";
				COPY_PHASE_STRIP = NO;
				DEBUG_INFORMATION_FORMAT = dwarf;
				ENABLE_STRICT_OBJC_MSGSEND = YES;
				ENABLE_TESTABILITY = YES;
				GCC_C_LANGUAGE_STANDARD = gnu99;
				GCC_DYNAMIC_NO_PIC = NO;
				GCC_NO_COMMON_BLOCKS = YES;
				GCC_OPTIMIZATION_LEVEL = 0;
				GCC_PREPROCESSOR_DEFINITIONS = (
					"DEBUG=1",
					"$(inherited)",
				);
				GCC_WARN_64_TO_32_BIT_CONVERSION = YES;
				GCC_WARN_ABOUT_RETURN_TYPE = YES_ERROR;
				GCC_WARN_UNDECLARED_SELECTOR = YES;
				GCC_WARN_UNINITIALIZED_AUTOS = YES_AGGRESSIVE;
				GCC_WARN_UNUSED_FUNCTION = YES;
				GCC_WARN_UNUSED_VARIABLE = YES;
				IPHONEOS_DEPLOYMENT_TARGET = 9.0;
				MTL_ENABLE_DEBUG_INFO = YES;
				ONLY_ACTIVE_ARCH = YES;
				SDKROOT = iphoneos;
				SWIFT_OPTIMIZATION_LEVEL = "-Onone";
				TARGETED_DEVICE_FAMILY = "1,2";
			};
			name = Debug;
		};
		05A162B31B97769E00E4AD48 /* Release */ = {
			isa = XCBuildConfiguration;
			buildSettings = {
				ALWAYS_SEARCH_USER_PATHS = NO;
				CLANG_CXX_LANGUAGE_STANDARD = "gnu++0x";
				CLANG_CXX_LIBRARY = "libc++";
				CLANG_ENABLE_MODULES = YES;
				CLANG_ENABLE_OBJC_ARC = YES;
				CLANG_WARN_BOOL_CONVERSION = YES;
				CLANG_WARN_CONSTANT_CONVERSION = YES;
				CLANG_WARN_DIRECT_OBJC_ISA_USAGE = YES_ERROR;
				CLANG_WARN_EMPTY_BODY = YES;
				CLANG_WARN_ENUM_CONVERSION = YES;
				CLANG_WARN_INT_CONVERSION = YES;
				CLANG_WARN_OBJC_ROOT_CLASS = YES_ERROR;
				CLANG_WARN_UNREACHABLE_CODE = YES;
				CLANG_WARN__DUPLICATE_METHOD_MATCH = YES;
				"CODE_SIGN_IDENTITY[sdk=iphoneos*]" = "iPhone Developer";
				COPY_PHASE_STRIP = NO;
				DEBUG_INFORMATION_FORMAT = "dwarf-with-dsym";
				ENABLE_NS_ASSERTIONS = NO;
				ENABLE_STRICT_OBJC_MSGSEND = YES;
				GCC_C_LANGUAGE_STANDARD = gnu99;
				GCC_NO_COMMON_BLOCKS = YES;
				GCC_WARN_64_TO_32_BIT_CONVERSION = YES;
				GCC_WARN_ABOUT_RETURN_TYPE = YES_ERROR;
				GCC_WARN_UNDECLARED_SELECTOR = YES;
				GCC_WARN_UNINITIALIZED_AUTOS = YES_AGGRESSIVE;
				GCC_WARN_UNUSED_FUNCTION = YES;
				GCC_WARN_UNUSED_VARIABLE = YES;
				IPHONEOS_DEPLOYMENT_TARGET = 9.0;
				MTL_ENABLE_DEBUG_INFO = NO;
				SDKROOT = iphoneos;
				TARGETED_DEVICE_FAMILY = "1,2";
				VALIDATE_PRODUCT = YES;
			};
			name = Release;
		};
		05A162B51B97769E00E4AD48 /* Debug */ = {
			isa = XCBuildConfiguration;
			buildSettings = {
				ASSETCATALOG_COMPILER_APPICON_NAME = AppIcon;
				INFOPLIST_FILE = text_color/Info.plist;
				LD_RUNPATH_SEARCH_PATHS = "$(inherited) @executable_path/Frameworks";
				PRODUCT_BUNDLE_IDENTIFIER = "com.menke-dev.text-color";
				PRODUCT_NAME = "$(TARGET_NAME)";
			};
			name = Debug;
		};
		05A162B61B97769E00E4AD48 /* Release */ = {
			isa = XCBuildConfiguration;
			buildSettings = {
				ASSETCATALOG_COMPILER_APPICON_NAME = AppIcon;
				INFOPLIST_FILE = text_color/Info.plist;
				LD_RUNPATH_SEARCH_PATHS = "$(inherited) @executable_path/Frameworks";
				PRODUCT_BUNDLE_IDENTIFIER = "com.menke-dev.text-color";
				PRODUCT_NAME = "$(TARGET_NAME)";
			};
			name = Release;
		};
		05A162B81B97769E00E4AD48 /* Debug */ = {
			isa = XCBuildConfiguration;
			buildSettings = {
				BUNDLE_LOADER = "$(TEST_HOST)";
				INFOPLIST_FILE = text_colorTests/Info.plist;
				LD_RUNPATH_SEARCH_PATHS = "$(inherited) @executable_path/Frameworks @loader_path/Frameworks";
				PRODUCT_BUNDLE_IDENTIFIER = "com.menke-dev.text-colorTests";
				PRODUCT_NAME = "$(TARGET_NAME)";
				TEST_HOST = "$(BUILT_PRODUCTS_DIR)/text_color.app/text_color";
			};
			name = Debug;
		};
		05A162B91B97769E00E4AD48 /* Release */ = {
			isa = XCBuildConfiguration;
			buildSettings = {
				BUNDLE_LOADER = "$(TEST_HOST)";
				INFOPLIST_FILE = text_colorTests/Info.plist;
				LD_RUNPATH_SEARCH_PATHS = "$(inherited) @executable_path/Frameworks @loader_path/Frameworks";
				PRODUCT_BUNDLE_IDENTIFIER = "com.menke-dev.text-colorTests";
				PRODUCT_NAME = "$(TARGET_NAME)";
				TEST_HOST = "$(BUILT_PRODUCTS_DIR)/text_color.app/text_color";
			};
			name = Release;
		};
		05A162BB1B97769E00E4AD48 /* Debug */ = {
			isa = XCBuildConfiguration;
			buildSettings = {
				INFOPLIST_FILE = text_colorUITests/Info.plist;
				LD_RUNPATH_SEARCH_PATHS = "$(inherited) @executable_path/Frameworks @loader_path/Frameworks";
				PRODUCT_BUNDLE_IDENTIFIER = "com.menke-dev.text-colorUITests";
				PRODUCT_NAME = "$(TARGET_NAME)";
				TEST_TARGET_NAME = text_color;
				USES_XCTRUNNER = YES;
			};
			name = Debug;
		};
		05A162BC1B97769E00E4AD48 /* Release */ = {
			isa = XCBuildConfiguration;
			buildSettings = {
				INFOPLIST_FILE = text_colorUITests/Info.plist;
				LD_RUNPATH_SEARCH_PATHS = "$(inherited) @executable_path/Frameworks @loader_path/Frameworks";
				PRODUCT_BUNDLE_IDENTIFIER = "com.menke-dev.text-colorUITests";
				PRODUCT_NAME = "$(TARGET_NAME)";
				TEST_TARGET_NAME = text_color;
				USES_XCTRUNNER = YES;
			};
			name = Release;
		};
/* End XCBuildConfiguration section */

/* Begin XCConfigurationList section */
		05A162871B97769D00E4AD48 /* Build configuration list for PBXProject "text_color" */ = {
			isa = XCConfigurationList;
			buildConfigurations = (
				05A162B21B97769E00E4AD48 /* Debug */,
				05A162B31B97769E00E4AD48 /* Release */,
			);
			defaultConfigurationIsVisible = 0;
			defaultConfigurationName = Release;
		};
		05A162B41B97769E00E4AD48 /* Build configuration list for PBXNativeTarget "text_color" */ = {
			isa = XCConfigurationList;
			buildConfigurations = (
				05A162B51B97769E00E4AD48 /* Debug */,
				05A162B61B97769E00E4AD48 /* Release */,
			);
			defaultConfigurationIsVisible = 0;
			defaultConfigurationName = Release;
		};
		05A162B71B97769E00E4AD48 /* Build configuration list for PBXNativeTarget "text_colorTests" */ = {
			isa = XCConfigurationList;
			buildConfigurations = (
				05A162B81B97769E00E4AD48 /* Debug */,
				05A162B91B97769E00E4AD48 /* Release */,
			);
			defaultConfigurationIsVisible = 0;
			defaultConfigurationName = Release;
		};
		05A162BA1B97769E00E4AD48 /* Build configuration list for PBXNativeTarget "text_colorUITests" */ = {
			isa = XCConfigurationList;
			buildConfigurations = (
				05A162BB1B97769E00E4AD48 /* Debug */,
				05A162BC1B97769E00E4AD48 /* Release */,
			);
			defaultConfigurationIsVisible = 0;
			defaultConfigurationName = Release;
		};
/* End XCConfigurationList section */
	};
	rootObject = 05A162841B97769D00E4AD48 /* Project object */;
}
